
Microsoft Visual Studio Solution File, Format Version 12.00
# Visual Studio 2012
Project("{FAE04EC0-301F-11D3-BF4B-00C04F79EFBC}") = "Memory", "Memory\Memory.csproj", "{AC2AC4D0-10AF-4BA2-88DB-45DD3225A938}"
EndProject
Global
	GlobalSection(SolutionConfigurationPlatforms) = preSolution
		Debug|Any CPU = Debug|Any CPU
		Release|Any CPU = Release|Any CPU
	EndGlobalSection
	GlobalSection(ProjectConfigurationPlatforms) = postSolution
		{AC2AC4D0-10AF-4BA2-88DB-45DD3225A938}.Debug|Any CPU.ActiveCfg = Debug|Any CPU
		{AC2AC4D0-10AF-4BA2-88DB-45DD3225A938}.Debug|Any CPU.Build.0 = Debug|Any CPU
		{AC2AC4D0-10AF-4BA2-88DB-45DD3225A938}.Release|Any CPU.ActiveCfg = Release|Any CPU
		{AC2AC4D0-10AF-4BA2-88DB-45DD3225A938}.Release|Any CPU.Build.0 = Release|Any CPU
	EndGlobalSection
EndGlobal
